
Microsoft Visual Studio Solution File, Format Version 12.00
# Visual Studio 15
VisualStudioVersion = 15.0.26124.0
MinimumVisualStudioVersion = 15.0.26124.0
Project("{2150E333-8FDC-42A3-9474-1A3956D46DE8}") = "src", "src", "{BAFD933A-ECA0-48B5-A5DD-2830E88CD928}"
EndProject
Project("{FAE04EC0-301F-11D3-BF4B-00C04F79EFBC}") = "SimpleAPI", "src\SimpleAPI\SimpleAPI.csproj", "{0CF44E62-3031-4D7C-A31D-ACBBFE51C7D6}"
EndProject
Project("{2150E333-8FDC-42A3-9474-1A3956D46DE8}") = "test", "test", "{25BDE2D5-5BBB-4AB0-B559-BA9386523841}"
EndProject
Project("{FAE04EC0-301F-11D3-BF4B-00C04F79EFBC}") = "SimpleAPI.Tests", "test\SimpleAPI.Tests\SimpleAPI.Tests.csproj", "{58DB5492-1840-4CD0-8D86-C54099D9E01B}"
EndProject
Global
	GlobalSection(SolutionConfigurationPlatforms) = preSolution
		Debug|Any CPU = Debug|Any CPU
		Debug|x64 = Debug|x64
		Debug|x86 = Debug|x86
		Release|Any CPU = Release|Any CPU
		Release|x64 = Release|x64
		Release|x86 = Release|x86
	EndGlobalSection
	GlobalSection(SolutionProperties) = preSolution
		HideSolutionNode = FALSE
	EndGlobalSection
	GlobalSection(ProjectConfigurationPlatforms) = postSolution
		{0CF44E62-3031-4D7C-A31D-ACBBFE51C7D6}.Debug|Any CPU.ActiveCfg = Debug|Any CPU
		{0CF44E62-3031-4D7C-A31D-ACBBFE51C7D6}.Debug|Any CPU.Build.0 = Debug|Any CPU
		{0CF44E62-3031-4D7C-A31D-ACBBFE51C7D6}.Debug|x64.ActiveCfg = Debug|Any CPU
		{0CF44E62-3031-4D7C-A31D-ACBBFE51C7D6}.Debug|x64.Build.0 = Debug|Any CPU
		{0CF44E62-3031-4D7C-A31D-ACBBFE51C7D6}.Debug|x86.ActiveCfg = Debug|Any CPU
		{0CF44E62-3031-4D7C-A31D-ACBBFE51C7D6}.Debug|x86.Build.0 = Debug|Any CPU
		{0CF44E62-3031-4D7C-A31D-ACBBFE51C7D6}.Release|Any CPU.ActiveCfg = Release|Any CPU
		{0CF44E62-3031-4D7C-A31D-ACBBFE51C7D6}.Release|Any CPU.Build.0 = Release|Any CPU
		{0CF44E62-3031-4D7C-A31D-ACBBFE51C7D6}.Release|x64.ActiveCfg = Release|Any CPU
		{0CF44E62-3031-4D7C-A31D-ACBBFE51C7D6}.Release|x64.Build.0 = Release|Any CPU
		{0CF44E62-3031-4D7C-A31D-ACBBFE51C7D6}.Release|x86.ActiveCfg = Release|Any CPU
		{0CF44E62-3031-4D7C-A31D-ACBBFE51C7D6}.Release|x86.Build.0 = Release|Any CPU
		{58DB5492-1840-4CD0-8D86-C54099D9E01B}.Debug|Any CPU.ActiveCfg = Debug|Any CPU
		{58DB5492-1840-4CD0-8D86-C54099D9E01B}.Debug|Any CPU.Build.0 = Debug|Any CPU
		{58DB5492-1840-4CD0-8D86-C54099D9E01B}.Debug|x64.ActiveCfg = Debug|Any CPU
		{58DB5492-1840-4CD0-8D86-C54099D9E01B}.Debug|x64.Build.0 = Debug|Any CPU
		{58DB5492-1840-4CD0-8D86-C54099D9E01B}.Debug|x86.ActiveCfg = Debug|Any CPU
		{58DB5492-1840-4CD0-8D86-C54099D9E01B}.Debug|x86.Build.0 = Debug|Any CPU
		{58DB5492-1840-4CD0-8D86-C54099D9E01B}.Release|Any CPU.ActiveCfg = Release|Any CPU
		{58DB5492-1840-4CD0-8D86-C54099D9E01B}.Release|Any CPU.Build.0 = Release|Any CPU
		{58DB5492-1840-4CD0-8D86-C54099D9E01B}.Release|x64.ActiveCfg = Release|Any CPU
		{58DB5492-1840-4CD0-8D86-C54099D9E01B}.Release|x64.Build.0 = Release|Any CPU
		{58DB5492-1840-4CD0-8D86-C54099D9E01B}.Release|x86.ActiveCfg = Release|Any CPU
		{58DB5492-1840-4CD0-8D86-C54099D9E01B}.Release|x86.Build.0 = Release|Any CPU
	EndGlobalSection
	GlobalSection(NestedProjects) = preSolution
		{0CF44E62-3031-4D7C-A31D-ACBBFE51C7D6} = {BAFD933A-ECA0-48B5-A5DD-2830E88CD928}
		{58DB5492-1840-4CD0-8D86-C54099D9E01B} = {25BDE2D5-5BBB-4AB0-B559-BA9386523841}
	EndGlobalSection
EndGlobal
